// !$*UTF8*$!
{
	archiveVersion = 1;
	classes = {
	};
	objectVersion = 50;
	objects = {

/* Begin PBXBuildFile section */
		2528B4592117F1CE007342C8 /* MaterialView.swift in Sources */ = {isa = PBXBuildFile; fileRef = 2528B4582117F1CE007342C8 /* MaterialView.swift */; };
		2528B45B2117FA04007342C8 /* ItemCell.swift in Sources */ = {isa = PBXBuildFile; fileRef = 2528B45A2117FA04007342C8 /* ItemCell.swift */; };
		259D844F2117279500B831FC /* AppDelegate.swift in Sources */ = {isa = PBXBuildFile; fileRef = 259D844E2117279500B831FC /* AppDelegate.swift */; };
		259D84512117279500B831FC /* MainVC.swift in Sources */ = {isa = PBXBuildFile; fileRef = 259D84502117279500B831FC /* MainVC.swift */; };
		259D84542117279500B831FC /* Main.storyboard in Resources */ = {isa = PBXBuildFile; fileRef = 259D84522117279500B831FC /* Main.storyboard */; };
		259D84572117279500B831FC /* DreamLister.xcdatamodeld in Sources */ = {isa = PBXBuildFile; fileRef = 259D84552117279500B831FC /* DreamLister.xcdatamodeld */; };
		259D84592117279600B831FC /* Assets.xcassets in Resources */ = {isa = PBXBuildFile; fileRef = 259D84582117279600B831FC /* Assets.xcassets */; };
		259D845C2117279600B831FC /* LaunchScreen.storyboard in Resources */ = {isa = PBXBuildFile; fileRef = 259D845A2117279600B831FC /* LaunchScreen.storyboard */; };
		259D846B21175A9A00B831FC /* Store+CoreDataClass.swift in Sources */ = {isa = PBXBuildFile; fileRef = 259D846321175A9A00B831FC /* Store+CoreDataClass.swift */; };
		259D846C21175A9A00B831FC /* Store+CoreDataProperties.swift in Sources */ = {isa = PBXBuildFile; fileRef = 259D846421175A9A00B831FC /* Store+CoreDataProperties.swift */; };
		259D846D21175A9A00B831FC /* ItemType+CoreDataClass.swift in Sources */ = {isa = PBXBuildFile; fileRef = 259D846521175A9A00B831FC /* ItemType+CoreDataClass.swift */; };
		259D846E21175A9A00B831FC /* ItemType+CoreDataProperties.swift in Sources */ = {isa = PBXBuildFile; fileRef = 259D846621175A9A00B831FC /* ItemType+CoreDataProperties.swift */; };
		259D846F21175A9A00B831FC /* Item+CoreDataClass.swift in Sources */ = {isa = PBXBuildFile; fileRef = 259D846721175A9A00B831FC /* Item+CoreDataClass.swift */; };
		259D847021175A9A00B831FC /* Item+CoreDataProperties.swift in Sources */ = {isa = PBXBuildFile; fileRef = 259D846821175A9A00B831FC /* Item+CoreDataProperties.swift */; };
		259D847121175A9A00B831FC /* Image+CoreDataClass.swift in Sources */ = {isa = PBXBuildFile; fileRef = 259D846921175A9A00B831FC /* Image+CoreDataClass.swift */; };
		259D847221175A9A00B831FC /* Image+CoreDataProperties.swift in Sources */ = {isa = PBXBuildFile; fileRef = 259D846A21175A9A00B831FC /* Image+CoreDataProperties.swift */; };
/* End PBXBuildFile section */

/* Begin PBXFileReference section */
		2528B4582117F1CE007342C8 /* MaterialView.swift */ = {isa = PBXFileReference; lastKnownFileType = sourcecode.swift; path = MaterialView.swift; sourceTree = "<group>"; };
		2528B45A2117FA04007342C8 /* ItemCell.swift */ = {isa = PBXFileReference; lastKnownFileType = sourcecode.swift; path = ItemCell.swift; sourceTree = "<group>"; };
		259D844B2117279500B831FC /* DreamLister.app */ = {isa = PBXFileReference; explicitFileType = wrapper.application; includeInIndex = 0; path = DreamLister.app; sourceTree = BUILT_PRODUCTS_DIR; };
		259D844E2117279500B831FC /* AppDelegate.swift */ = {isa = PBXFileReference; lastKnownFileType = sourcecode.swift; path = AppDelegate.swift; sourceTree = "<group>"; };
		259D84502117279500B831FC /* MainVC.swift */ = {isa = PBXFileReference; lastKnownFileType = sourcecode.swift; path = MainVC.swift; sourceTree = "<group>"; };
		259D84532117279500B831FC /* Base */ = {isa = PBXFileReference; lastKnownFileType = file.storyboard; name = Base; path = Base.lproj/Main.storyboard; sourceTree = "<group>"; };
		259D84562117279500B831FC /* DreamLister.xcdatamodel */ = {isa = PBXFileReference; lastKnownFileType = wrapper.xcdatamodel; path = DreamLister.xcdatamodel; sourceTree = "<group>"; };
		259D84582117279600B831FC /* Assets.xcassets */ = {isa = PBXFileReference; lastKnownFileType = folder.assetcatalog; path = Assets.xcassets; sourceTree = "<group>"; };
		259D845B2117279600B831FC /* Base */ = {isa = PBXFileReference; lastKnownFileType = file.storyboard; name = Base; path = Base.lproj/LaunchScreen.storyboard; sourceTree = "<group>"; };
		259D845D2117279600B831FC /* Info.plist */ = {isa = PBXFileReference; lastKnownFileType = text.plist.xml; path = Info.plist; sourceTree = "<group>"; };
		259D846321175A9A00B831FC /* Store+CoreDataClass.swift */ = {isa = PBXFileReference; lastKnownFileType = sourcecode.swift; path = "Store+CoreDataClass.swift"; sourceTree = "<group>"; };
		259D846421175A9A00B831FC /* Store+CoreDataProperties.swift */ = {isa = PBXFileReference; lastKnownFileType = sourcecode.swift; path = "Store+CoreDataProperties.swift"; sourceTree = "<group>"; };
		259D846521175A9A00B831FC /* ItemType+CoreDataClass.swift */ = {isa = PBXFileReference; lastKnownFileType = sourcecode.swift; path = "ItemType+CoreDataClass.swift"; sourceTree = "<group>"; };
		259D846621175A9A00B831FC /* ItemType+CoreDataProperties.swift */ = {isa = PBXFileReference; lastKnownFileType = sourcecode.swift; path = "ItemType+CoreDataProperties.swift"; sourceTree = "<group>"; };
		259D846721175A9A00B831FC /* Item+CoreDataClass.swift */ = {isa = PBXFileReference; lastKnownFileType = sourcecode.swift; path = "Item+CoreDataClass.swift"; sourceTree = "<group>"; };
		259D846821175A9A00B831FC /* Item+CoreDataProperties.swift */ = {isa = PBXFileReference; lastKnownFileType = sourcecode.swift; path = "Item+CoreDataProperties.swift"; sourceTree = "<group>"; };
		259D846921175A9A00B831FC /* Image+CoreDataClass.swift */ = {isa = PBXFileReference; lastKnownFileType = sourcecode.swift; path = "Image+CoreDataClass.swift"; sourceTree = "<group>"; };
		259D846A21175A9A00B831FC /* Image+CoreDataProperties.swift */ = {isa = PBXFileReference; lastKnownFileType = sourcecode.swift; path = "Image+CoreDataProperties.swift"; sourceTree = "<group>"; };
/* End PBXFileReference section */

/* Begin PBXFrameworksBuildPhase section */
		259D84482117279500B831FC /* Frameworks */ = {
			isa = PBXFrameworksBuildPhase;
			buildActionMask = 2147483647;
			files = (
			);
			runOnlyForDeploymentPostprocessing = 0;
		};
/* End PBXFrameworksBuildPhase section */

/* Begin PBXGroup section */
		2528B4572117F191007342C8 /* View */ = {
			isa = PBXGroup;
			children = (
				2528B4582117F1CE007342C8 /* MaterialView.swift */,
				2528B45A2117FA04007342C8 /* ItemCell.swift */,
			);
			path = "\U0010View";
			sourceTree = "<group>";
		};
		259D84422117279500B831FC = {
			isa = PBXGroup;
			children = (
				259D844D2117279500B831FC /* DreamLister */,
				259D844C2117279500B831FC /* Products */,
			);
			sourceTree = "<group>";
		};
		259D844C2117279500B831FC /* Products */ = {
			isa = PBXGroup;
			children = (
				259D844B2117279500B831FC /* DreamLister.app */,
			);
			name = Products;
			sourceTree = "<group>";
		};
		259D844D2117279500B831FC /* DreamLister */ = {
			isa = PBXGroup;
			children = (
				2528B4572117F191007342C8 /* View */,
				259D847321175AA200B831FC /* Model */,
				259D844E2117279500B831FC /* AppDelegate.swift */,
				259D84502117279500B831FC /* MainVC.swift */,
				259D84522117279500B831FC /* Main.storyboard */,
				259D84582117279600B831FC /* Assets.xcassets */,
				259D845A2117279600B831FC /* LaunchScreen.storyboard */,
				259D845D2117279600B831FC /* Info.plist */,
				259D84552117279500B831FC /* DreamLister.xcdatamodeld */,
			);
			path = DreamLister;
			sourceTree = "<group>";
		};
		259D847321175AA200B831FC /* Model */ = {
			isa = PBXGroup;
			children = (
				259D846321175A9A00B831FC /* Store+CoreDataClass.swift */,
				259D846521175A9A00B831FC /* ItemType+CoreDataClass.swift */,
				259D846721175A9A00B831FC /* Item+CoreDataClass.swift */,
				259D846921175A9A00B831FC /* Image+CoreDataClass.swift */,
				259D847421175AB000B831FC /* Generater */,
			);
			path = Model;
			sourceTree = "<group>";
		};
		259D847421175AB000B831FC /* Generater */ = {
			isa = PBXGroup;
			children = (
				259D846421175A9A00B831FC /* Store+CoreDataProperties.swift */,
				259D846621175A9A00B831FC /* ItemType+CoreDataProperties.swift */,
				259D846821175A9A00B831FC /* Item+CoreDataProperties.swift */,
				259D846A21175A9A00B831FC /* Image+CoreDataProperties.swift */,
			);
			path = Generater;
			sourceTree = "<group>";
		};
/* End PBXGroup section */

/* Begin PBXNativeTarget section */
		259D844A2117279500B831FC /* DreamLister */ = {
			isa = PBXNativeTarget;
			buildConfigurationList = 259D84602117279600B831FC /* Build configuration list for PBXNativeTarget "DreamLister" */;
			buildPhases = (
				259D84472117279500B831FC /* Sources */,
				259D84482117279500B831FC /* Frameworks */,
				259D84492117279500B831FC /* Resources */,
			);
			buildRules = (
			);
			dependencies = (
			);
			name = DreamLister;
			productName = DreamLister;
			productReference = 259D844B2117279500B831FC /* DreamLister.app */;
			productType = "com.apple.product-type.application";
		};
/* End PBXNativeTarget section */

/* Begin PBXProject section */
		259D84432117279500B831FC /* Project object */ = {
			isa = PBXProject;
			attributes = {
				LastSwiftUpdateCheck = 0940;
				LastUpgradeCheck = 0940;
				ORGANIZATIONNAME = LTT;
				TargetAttributes = {
					259D844A2117279500B831FC = {
						CreatedOnToolsVersion = 9.4.1;
					};
				};
			};
			buildConfigurationList = 259D84462117279500B831FC /* Build configuration list for PBXProject "DreamLister" */;
			compatibilityVersion = "Xcode 9.3";
			developmentRegion = en;
			hasScannedForEncodings = 0;
			knownRegions = (
				en,
				Base,
			);
			mainGroup = 259D84422117279500B831FC;
			productRefGroup = 259D844C2117279500B831FC /* Products */;
			projectDirPath = "";
			projectRoot = "";
			targets = (
				259D844A2117279500B831FC /* DreamLister */,
			);
		};
/* End PBXProject section */

/* Begin PBXResourcesBuildPhase section */
		259D84492117279500B831FC /* Resources */ = {
			isa = PBXResourcesBuildPhase;
			buildActionMask = 2147483647;
			files = (
				259D845C2117279600B831FC /* LaunchScreen.storyboard in Resources */,
				259D84592117279600B831FC /* Assets.xcassets in Resources */,
				259D84542117279500B831FC /* Main.storyboard in Resources */,
			);
			runOnlyForDeploymentPostprocessing = 0;
		};
/* End PBXResourcesBuildPhase section */

/* Begin PBXSourcesBuildPhase section */
		259D84472117279500B831FC /* Sources */ = {
			isa = PBXSourcesBuildPhase;
			buildActionMask = 2147483647;
			files = (
				2528B45B2117FA04007342C8 /* ItemCell.swift in Sources */,
				259D846D21175A9A00B831FC /* ItemType+CoreDataClass.swift in Sources */,
				259D846C21175A9A00B831FC /* Store+CoreDataProperties.swift in Sources */,
				259D84512117279500B831FC /* MainVC.swift in Sources */,
				2528B4592117F1CE007342C8 /* MaterialView.swift in Sources */,
				259D846B21175A9A00B831FC /* Store+CoreDataClass.swift in Sources */,
				259D844F2117279500B831FC /* AppDelegate.swift in Sources */,
				259D846E21175A9A00B831FC /* ItemType+CoreDataProperties.swift in Sources */,
				259D847021175A9A00B831FC /* Item+CoreDataProperties.swift in Sources */,
				259D846F21175A9A00B831FC /* Item+CoreDataClass.swift in Sources */,
				259D84572117279500B831FC /* DreamLister.xcdatamodeld in Sources */,
				259D847121175A9A00B831FC /* Image+CoreDataClass.swift in Sources */,
				259D847221175A9A00B831FC /* Image+CoreDataProperties.swift in Sources */,
			);
			runOnlyForDeploymentPostprocessing = 0;
		};
/* End PBXSourcesBuildPhase section */

/* Begin PBXVariantGroup section */
		259D84522117279500B831FC /* Main.storyboard */ = {
			isa = PBXVariantGroup;
			children = (
				259D84532117279500B831FC /* Base */,
			);
			name = Main.storyboard;
			sourceTree = "<group>";
		};
		259D845A2117279600B831FC /* LaunchScreen.storyboard */ = {
			isa = PBXVariantGroup;
			children = (
				259D845B2117279600B831FC /* Base */,
			);
			name = LaunchScreen.storyboard;
			sourceTree = "<group>";
		};
/* End PBXVariantGroup section */

/* Begin XCBuildConfiguration section */
		259D845E2117279600B831FC /* Debug */ = {
			isa = XCBuildConfiguration;
			buildSettings = {
				ALWAYS_SEARCH_USER_PATHS = NO;
				CLANG_ANALYZER_NONNULL = YES;
				CLANG_ANALYZER_NUMBER_OBJECT_CONVERSION = YES_AGGRESSIVE;
				CLANG_CXX_LANGUAGE_STANDARD = "gnu++14";
				CLANG_CXX_LIBRARY = "libc++";
				CLANG_ENABLE_MODULES = YES;
				CLANG_ENABLE_OBJC_ARC = YES;
				CLANG_ENABLE_OBJC_WEAK = YES;
				CLANG_WARN_BLOCK_CAPTURE_AUTORELEASING = YES;
				CLANG_WARN_BOOL_CONVERSION = YES;
				CLANG_WARN_COMMA = YES;
				CLANG_WARN_CONSTANT_CONVERSION = YES;
				CLANG_WARN_DEPRECATED_OBJC_IMPLEMENTATIONS = YES;
				CLANG_WARN_DIRECT_OBJC_ISA_USAGE = YES_ERROR;
				CLANG_WARN_DOCUMENTATION_COMMENTS = YES;
				CLANG_WARN_EMPTY_BODY = YES;
				CLANG_WARN_ENUM_CONVERSION = YES;
				CLANG_WARN_INFINITE_RECURSION = YES;
				CLANG_WARN_INT_CONVERSION = YES;
				CLANG_WARN_NON_LITERAL_NULL_CONVERSION = YES;
				CLANG_WARN_OBJC_IMPLICIT_RETAIN_SELF = YES;
				CLANG_WARN_OBJC_LITERAL_CONVERSION = YES;
				CLANG_WARN_OBJC_ROOT_CLASS = YES_ERROR;
				CLANG_WARN_RANGE_LOOP_ANALYSIS = YES;
				CLANG_WARN_STRICT_PROTOTYPES = YES;
				CLANG_WARN_SUSPICIOUS_MOVE = YES;
				CLANG_WARN_UNGUARDED_AVAILABILITY = YES_AGGRESSIVE;
				CLANG_WARN_UNREACHABLE_CODE = YES;
				CLANG_WARN__DUPLICATE_METHOD_MATCH = YES;
				CODE_SIGN_IDENTITY = "iPhone Developer";
				COPY_PHASE_STRIP = NO;
				DEBUG_INFORMATION_FORMAT = dwarf;
				ENABLE_STRICT_OBJC_MSGSEND = YES;
				ENABLE_TESTABILITY = YES;
				GCC_C_LANGUAGE_STANDARD = gnu11;
				GCC_DYNAMIC_NO_PIC = NO;
				GCC_NO_COMMON_BLOCKS = YES;
				GCC_OPTIMIZATION_LEVEL = 0;
				GCC_PREPROCESSOR_DEFINITIONS = (
					"DEBUG=1",
					"$(inherited)",
				);
				GCC_WARN_64_TO_32_BIT_CONVERSION = YES;
				GCC_WARN_ABOUT_RETURN_TYPE = YES_ERROR;
				GCC_WARN_UNDECLARED_SELECTOR = YES;
				GCC_WARN_UNINITIALIZED_AUTOS = YES_AGGRESSIVE;
				GCC_WARN_UNUSED_FUNCTION = YES;
				GCC_WARN_UNUSED_VARIABLE = YES;
				IPHONEOS_DEPLOYMENT_TARGET = 11.4;
				MTL_ENABLE_DEBUG_INFO = YES;
				ONLY_ACTIVE_ARCH = YES;
				SDKROOT = iphoneos;
				SWIFT_ACTIVE_COMPILATION_CONDITIONS = DEBUG;
				SWIFT_OPTIMIZATION_LEVEL = "-Onone";
			};
			name = Debug;
		};
		259D845F2117279600B831FC /* Release */ = {
			isa = XCBuildConfiguration;
			buildSettings = {
				ALWAYS_SEARCH_USER_PATHS = NO;
				CLANG_ANALYZER_NONNULL = YES;
				CLANG_ANALYZER_NUMBER_OBJECT_CONVERSION = YES_AGGRESSIVE;
				CLANG_CXX_LANGUAGE_STANDARD = "gnu++14";
				CLANG_CXX_LIBRARY = "libc++";
				CLANG_ENABLE_MODULES = YES;
				CLANG_ENABLE_OBJC_ARC = YES;
				CLANG_ENABLE_OBJC_WEAK = YES;
				CLANG_WARN_BLOCK_CAPTURE_AUTORELEASING = YES;
				CLANG_WARN_BOOL_CONVERSION = YES;
				CLANG_WARN_COMMA = YES;
				CLANG_WARN_CONSTANT_CONVERSION = YES;
				CLANG_WARN_DEPRECATED_OBJC_IMPLEMENTATIONS = YES;
				CLANG_WARN_DIRECT_OBJC_ISA_USAGE = YES_ERROR;
				CLANG_WARN_DOCUMENTATION_COMMENTS = YES;
				CLANG_WARN_EMPTY_BODY = YES;
				CLANG_WARN_ENUM_CONVERSION = YES;
				CLANG_WARN_INFINITE_RECURSION = YES;
				CLANG_WARN_INT_CONVERSION = YES;
				CLANG_WARN_NON_LITERAL_NULL_CONVERSION = YES;
				CLANG_WARN_OBJC_IMPLICIT_RETAIN_SELF = YES;
				CLANG_WARN_OBJC_LITERAL_CONVERSION = YES;
				CLANG_WARN_OBJC_ROOT_CLASS = YES_ERROR;
				CLANG_WARN_RANGE_LOOP_ANALYSIS = YES;
				CLANG_WARN_STRICT_PROTOTYPES = YES;
				CLANG_WARN_SUSPICIOUS_MOVE = YES;
				CLANG_WARN_UNGUARDED_AVAILABILITY = YES_AGGRESSIVE;
				CLANG_WARN_UNREACHABLE_CODE = YES;
				CLANG_WARN__DUPLICATE_METHOD_MATCH = YES;
				CODE_SIGN_IDENTITY = "iPhone Developer";
				COPY_PHASE_STRIP = NO;
				DEBUG_INFORMATION_FORMAT = "dwarf-with-dsym";
				ENABLE_NS_ASSERTIONS = NO;
				ENABLE_STRICT_OBJC_MSGSEND = YES;
				GCC_C_LANGUAGE_STANDARD = gnu11;
				GCC_NO_COMMON_BLOCKS = YES;
				GCC_WARN_64_TO_32_BIT_CONVERSION = YES;
				GCC_WARN_ABOUT_RETURN_TYPE = YES_ERROR;
				GCC_WARN_UNDECLARED_SELECTOR = YES;
				GCC_WARN_UNINITIALIZED_AUTOS = YES_AGGRESSIVE;
				GCC_WARN_UNUSED_FUNCTION = YES;
				GCC_WARN_UNUSED_VARIABLE = YES;
				IPHONEOS_DEPLOYMENT_TARGET = 11.4;
				MTL_ENABLE_DEBUG_INFO = NO;
				SDKROOT = iphoneos;
				SWIFT_COMPILATION_MODE = wholemodule;
				SWIFT_OPTIMIZATION_LEVEL = "-O";
				VALIDATE_PRODUCT = YES;
			};
			name = Release;
		};
		259D84612117279600B831FC /* Debug */ = {
			isa = XCBuildConfiguration;
			buildSettings = {
				ASSETCATALOG_COMPILER_APPICON_NAME = AppIcon;
				CODE_SIGN_STYLE = Automatic;
				INFOPLIST_FILE = DreamLister/Info.plist;
				LD_RUNPATH_SEARCH_PATHS = (
					"$(inherited)",
					"@executable_path/Frameworks",
				);
				PRODUCT_BUNDLE_IDENTIFIER = com.develop.DreamLister;
				PRODUCT_NAME = "$(TARGET_NAME)";
				SWIFT_VERSION = 4.0;
				TARGETED_DEVICE_FAMILY = "1,2";
			};
			name = Debug;
		};
		259D84622117279600B831FC /* Release */ = {
			isa = XCBuildConfiguration;
			buildSettings = {
				ASSETCATALOG_COMPILER_APPICON_NAME = AppIcon;
				CODE_SIGN_STYLE = Automatic;
				INFOPLIST_FILE = DreamLister/Info.plist;
				LD_RUNPATH_SEARCH_PATHS = (
					"$(inherited)",
					"@executable_path/Frameworks",
				);
				PRODUCT_BUNDLE_IDENTIFIER = com.develop.DreamLister;
				PRODUCT_NAME = "$(TARGET_NAME)";
				SWIFT_VERSION = 4.0;
				TARGETED_DEVICE_FAMILY = "1,2";
			};
			name = Release;
		};
/* End XCBuildConfiguration section */

/* Begin XCConfigurationList section */
		259D84462117279500B831FC /* Build configuration list for PBXProject "DreamLister" */ = {
			isa = XCConfigurationList;
			buildConfigurations = (
				259D845E2117279600B831FC /* Debug */,
				259D845F2117279600B831FC /* Release */,
			);
			defaultConfigurationIsVisible = 0;
			defaultConfigurationName = Release;
		};
		259D84602117279600B831FC /* Build configuration list for PBXNativeTarget "DreamLister" */ = {
			isa = XCConfigurationList;
			buildConfigurations = (
				259D84612117279600B831FC /* Debug */,
				259D84622117279600B831FC /* Release */,
			);
			defaultConfigurationIsVisible = 0;
			defaultConfigurationName = Release;
		};
/* End XCConfigurationList section */

/* Begin XCVersionGroup section */
		259D84552117279500B831FC /* DreamLister.xcdatamodeld */ = {
			isa = XCVersionGroup;
			children = (
				259D84562117279500B831FC /* DreamLister.xcdatamodel */,
			);
			currentVersion = 259D84562117279500B831FC /* DreamLister.xcdatamodel */;
			path = DreamLister.xcdatamodeld;
			sourceTree = "<group>";
			versionGroupType = wrapper.xcdatamodel;
		};
/* End XCVersionGroup section */
	};
	rootObject = 259D84432117279500B831FC /* Project object */;
}
